
Microsoft Visual Studio Solution File, Format Version 12.00
# Visual Studio 15
VisualStudioVersion = 15.0.28010.2019
MinimumVisualStudioVersion = 10.0.40219.1
Project("{9A19103F-16F7-4668-BE54-9A1E7A4F7556}") = "OpenClosedPrinciple", "OpenClosedPrinciple\OpenClosedPrinciple.csproj", "{C4058ACA-CA61-45B7-8DFF-AC9D1E4E91F5}"
EndProject
Project("{9A19103F-16F7-4668-BE54-9A1E7A4F7556}") = "LiskovSubstitutionPrinciple", "LiskovsSubstitutionPrinciple\LiskovSubstitutionPrinciple.csproj", "{F86EA60B-9E6F-428D-AE14-A3D0DE8191E3}"
EndProject
Global
	GlobalSection(SolutionConfigurationPlatforms) = preSolution
		Debug|Any CPU = Debug|Any CPU
		Release|Any CPU = Release|Any CPU
	EndGlobalSection
	GlobalSection(ProjectConfigurationPlatforms) = postSolution
		{C4058ACA-CA61-45B7-8DFF-AC9D1E4E91F5}.Debug|Any CPU.ActiveCfg = Debug|Any CPU
		{C4058ACA-CA61-45B7-8DFF-AC9D1E4E91F5}.Debug|Any CPU.Build.0 = Debug|Any CPU
		{C4058ACA-CA61-45B7-8DFF-AC9D1E4E91F5}.Release|Any CPU.ActiveCfg = Release|Any CPU
		{C4058ACA-CA61-45B7-8DFF-AC9D1E4E91F5}.Release|Any CPU.Build.0 = Release|Any CPU
		{F86EA60B-9E6F-428D-AE14-A3D0DE8191E3}.Debug|Any CPU.ActiveCfg = Debug|Any CPU
		{F86EA60B-9E6F-428D-AE14-A3D0DE8191E3}.Debug|Any CPU.Build.0 = Debug|Any CPU
		{F86EA60B-9E6F-428D-AE14-A3D0DE8191E3}.Release|Any CPU.ActiveCfg = Release|Any CPU
		{F86EA60B-9E6F-428D-AE14-A3D0DE8191E3}.Release|Any CPU.Build.0 = Release|Any CPU
	EndGlobalSection
	GlobalSection(SolutionProperties) = preSolution
		HideSolutionNode = FALSE
	EndGlobalSection
	GlobalSection(ExtensibilityGlobals) = postSolution
		SolutionGuid = {5FC16E48-D51B-4D24-A4CA-0B40E1A11267}
	EndGlobalSection
EndGlobal
